
Microsoft Visual Studio Solution File, Format Version 12.00
# Visual Studio 15
VisualStudioVersion = 15.0.27703.2035
MinimumVisualStudioVersion = 10.0.40219.1
Project("{FAE04EC0-301F-11D3-BF4B-00C04F79EFBC}") = "MusicFlash", "MusicFlash\MusicFlash.csproj", "{D9343A7C-AD55-4A45-875A-CF80343DE589}"
EndProject
Global
	GlobalSection(SolutionConfigurationPlatforms) = preSolution
		Debug|Any CPU = Debug|Any CPU
		Release|Any CPU = Release|Any CPU
	EndGlobalSection
	GlobalSection(ProjectConfigurationPlatforms) = postSolution
		{D9343A7C-AD55-4A45-875A-CF80343DE589}.Debug|Any CPU.ActiveCfg = Debug|Any CPU
		{D9343A7C-AD55-4A45-875A-CF80343DE589}.Debug|Any CPU.Build.0 = Debug|Any CPU
		{D9343A7C-AD55-4A45-875A-CF80343DE589}.Release|Any CPU.ActiveCfg = Release|Any CPU
		{D9343A7C-AD55-4A45-875A-CF80343DE589}.Release|Any CPU.Build.0 = Release|Any CPU
	EndGlobalSection
	GlobalSection(SolutionProperties) = preSolution
		HideSolutionNode = FALSE
	EndGlobalSection
	GlobalSection(ExtensibilityGlobals) = postSolution
		SolutionGuid = {2C3B46AA-57A3-4122-9DA5-EB8191E35532}
	EndGlobalSection
EndGlobal
